
Microsoft Visual Studio Solution File, Format Version 12.00
# Visual Studio 2013
VisualStudioVersion = 12.0.21005.1
MinimumVisualStudioVersion = 10.0.40219.1
Project("{FAE04EC0-301F-11D3-BF4B-00C04F79EFBC}") = "WcfRestService", "WcfRestService\WcfRestService.csproj", "{4AA23BB0-8066-496D-B9BC-4B440A4C3BF5}"
EndProject
Project("{FAE04EC0-301F-11D3-BF4B-00C04F79EFBC}") = "RestApplication", "..\RestApplication\RestApplication\RestApplication.csproj", "{4744FA5A-9AEE-4D1D-94F2-8F4F4F334F29}"
EndProject
Global
	GlobalSection(SolutionConfigurationPlatforms) = preSolution
		Debug|Any CPU = Debug|Any CPU
		Release|Any CPU = Release|Any CPU
	EndGlobalSection
	GlobalSection(ProjectConfigurationPlatforms) = postSolution
		{4AA23BB0-8066-496D-B9BC-4B440A4C3BF5}.Debug|Any CPU.ActiveCfg = Debug|Any CPU
		{4AA23BB0-8066-496D-B9BC-4B440A4C3BF5}.Debug|Any CPU.Build.0 = Debug|Any CPU
		{4AA23BB0-8066-496D-B9BC-4B440A4C3BF5}.Release|Any CPU.ActiveCfg = Release|Any CPU
		{4AA23BB0-8066-496D-B9BC-4B440A4C3BF5}.Release|Any CPU.Build.0 = Release|Any CPU
		{4744FA5A-9AEE-4D1D-94F2-8F4F4F334F29}.Debug|Any CPU.ActiveCfg = Debug|Any CPU
		{4744FA5A-9AEE-4D1D-94F2-8F4F4F334F29}.Debug|Any CPU.Build.0 = Debug|Any CPU
		{4744FA5A-9AEE-4D1D-94F2-8F4F4F334F29}.Release|Any CPU.ActiveCfg = Release|Any CPU
		{4744FA5A-9AEE-4D1D-94F2-8F4F4F334F29}.Release|Any CPU.Build.0 = Release|Any CPU
	EndGlobalSection
	GlobalSection(SolutionProperties) = preSolution
		HideSolutionNode = FALSE
	EndGlobalSection
EndGlobal
